
Microsoft Visual Studio Solution File, Format Version 12.00
# Visual Studio 15
VisualStudioVersion = 15.0.28307.136
MinimumVisualStudioVersion = 10.0.40219.1
Project("{FAE04EC0-301F-11D3-BF4B-00C04F79EFBC}") = "NhibernateSample", "NhibernateSample\NhibernateSample.csproj", "{69B16D04-B3F8-45AD-8709-B9062146FEAA}"
EndProject
Global
	GlobalSection(SolutionConfigurationPlatforms) = preSolution
		Debug|Any CPU = Debug|Any CPU
		Release|Any CPU = Release|Any CPU
	EndGlobalSection
	GlobalSection(ProjectConfigurationPlatforms) = postSolution
		{69B16D04-B3F8-45AD-8709-B9062146FEAA}.Debug|Any CPU.ActiveCfg = Debug|Any CPU
		{69B16D04-B3F8-45AD-8709-B9062146FEAA}.Debug|Any CPU.Build.0 = Debug|Any CPU
		{69B16D04-B3F8-45AD-8709-B9062146FEAA}.Release|Any CPU.ActiveCfg = Release|Any CPU
		{69B16D04-B3F8-45AD-8709-B9062146FEAA}.Release|Any CPU.Build.0 = Release|Any CPU
	EndGlobalSection
	GlobalSection(SolutionProperties) = preSolution
		HideSolutionNode = FALSE
	EndGlobalSection
	GlobalSection(ExtensibilityGlobals) = postSolution
		SolutionGuid = {7A8B205B-EBBF-4F8B-96DA-5181A07E1C76}
	EndGlobalSection
EndGlobal
